
Microsoft Visual Studio Solution File, Format Version 12.00
# Visual Studio Version 16
VisualStudioVersion = 16.0.31624.102
MinimumVisualStudioVersion = 10.0.40219.1
Project("{FAE04EC0-301F-11D3-BF4B-00C04F79EFBC}") = "OpenLayers", "OpenLayers\OpenLayers.csproj", "{47AD82BC-9ED8-4A59-B00B-D01D2DDC173F}"
EndProject
Global
	GlobalSection(SolutionConfigurationPlatforms) = preSolution
		Debug|Any CPU = Debug|Any CPU
		Release|Any CPU = Release|Any CPU
	EndGlobalSection
	GlobalSection(ProjectConfigurationPlatforms) = postSolution
		{47AD82BC-9ED8-4A59-B00B-D01D2DDC173F}.Debug|Any CPU.ActiveCfg = Debug|Any CPU
		{47AD82BC-9ED8-4A59-B00B-D01D2DDC173F}.Debug|Any CPU.Build.0 = Debug|Any CPU
		{47AD82BC-9ED8-4A59-B00B-D01D2DDC173F}.Release|Any CPU.ActiveCfg = Release|Any CPU
		{47AD82BC-9ED8-4A59-B00B-D01D2DDC173F}.Release|Any CPU.Build.0 = Release|Any CPU
	EndGlobalSection
	GlobalSection(SolutionProperties) = preSolution
		HideSolutionNode = FALSE
	EndGlobalSection
	GlobalSection(ExtensibilityGlobals) = postSolution
		SolutionGuid = {2590B7F5-ADE0-432F-B5BD-3BD32BE9DBE6}
	EndGlobalSection
EndGlobal
